
Microsoft Visual Studio Solution File, Format Version 12.00
# Visual Studio 14
VisualStudioVersion = 14.0.25420.1
MinimumVisualStudioVersion = 10.0.40219.1
Project("{FAE04EC0-301F-11D3-BF4B-00C04F79EFBC}") = "Photographer.Web", "Photographer\Photographer.Web.csproj", "{28462C18-3839-4F8F-88D2-CA2D78688ECC}"
EndProject
Project("{FAE04EC0-301F-11D3-BF4B-00C04F79EFBC}") = "Photographer.Services", "Photographer.Services\Photographer.Services.csproj", "{730F3B63-578A-45B5-AC7D-A0101AF07D24}"
EndProject
Project("{FAE04EC0-301F-11D3-BF4B-00C04F79EFBC}") = "Photographer.Handlers", "Photographer.Handlers\Photographer.Handlers.csproj", "{876F07EF-14E0-4AEF-B172-BB388329660F}"
EndProject
Project("{FAE04EC0-301F-11D3-BF4B-00C04F79EFBC}") = "Photographer.Dao", "Photographer.Dao\Photographer.Dao.csproj", "{F6AA5D28-C495-497C-8606-F8B86F796295}"
EndProject
Project("{FAE04EC0-301F-11D3-BF4B-00C04F79EFBC}") = "Photographer.Contract", "Photographer.Contract\Photographer.Contract.csproj", "{399F21B8-4298-4AFF-A523-26525247CB30}"
EndProject
Global
	GlobalSection(SolutionConfigurationPlatforms) = preSolution
		Debug|Any CPU = Debug|Any CPU
		Release|Any CPU = Release|Any CPU
	EndGlobalSection
	GlobalSection(ProjectConfigurationPlatforms) = postSolution
		{28462C18-3839-4F8F-88D2-CA2D78688ECC}.Debug|Any CPU.ActiveCfg = Debug|Any CPU
		{28462C18-3839-4F8F-88D2-CA2D78688ECC}.Debug|Any CPU.Build.0 = Debug|Any CPU
		{28462C18-3839-4F8F-88D2-CA2D78688ECC}.Release|Any CPU.ActiveCfg = Release|Any CPU
		{28462C18-3839-4F8F-88D2-CA2D78688ECC}.Release|Any CPU.Build.0 = Release|Any CPU
		{730F3B63-578A-45B5-AC7D-A0101AF07D24}.Debug|Any CPU.ActiveCfg = Debug|Any CPU
		{730F3B63-578A-45B5-AC7D-A0101AF07D24}.Debug|Any CPU.Build.0 = Debug|Any CPU
		{730F3B63-578A-45B5-AC7D-A0101AF07D24}.Release|Any CPU.ActiveCfg = Release|Any CPU
		{730F3B63-578A-45B5-AC7D-A0101AF07D24}.Release|Any CPU.Build.0 = Release|Any CPU
		{876F07EF-14E0-4AEF-B172-BB388329660F}.Debug|Any CPU.ActiveCfg = Debug|Any CPU
		{876F07EF-14E0-4AEF-B172-BB388329660F}.Debug|Any CPU.Build.0 = Debug|Any CPU
		{876F07EF-14E0-4AEF-B172-BB388329660F}.Release|Any CPU.ActiveCfg = Release|Any CPU
		{876F07EF-14E0-4AEF-B172-BB388329660F}.Release|Any CPU.Build.0 = Release|Any CPU
		{F6AA5D28-C495-497C-8606-F8B86F796295}.Debug|Any CPU.ActiveCfg = Debug|Any CPU
		{F6AA5D28-C495-497C-8606-F8B86F796295}.Debug|Any CPU.Build.0 = Debug|Any CPU
		{F6AA5D28-C495-497C-8606-F8B86F796295}.Release|Any CPU.ActiveCfg = Release|Any CPU
		{F6AA5D28-C495-497C-8606-F8B86F796295}.Release|Any CPU.Build.0 = Release|Any CPU
		{399F21B8-4298-4AFF-A523-26525247CB30}.Debug|Any CPU.ActiveCfg = Debug|Any CPU
		{399F21B8-4298-4AFF-A523-26525247CB30}.Debug|Any CPU.Build.0 = Debug|Any CPU
		{399F21B8-4298-4AFF-A523-26525247CB30}.Release|Any CPU.ActiveCfg = Release|Any CPU
		{399F21B8-4298-4AFF-A523-26525247CB30}.Release|Any CPU.Build.0 = Release|Any CPU
	EndGlobalSection
	GlobalSection(SolutionProperties) = preSolution
		HideSolutionNode = FALSE
	EndGlobalSection
EndGlobal
